
Microsoft Visual Studio Solution File, Format Version 12.00
# Visual Studio Version 16
VisualStudioVersion = 16.0.29519.87
MinimumVisualStudioVersion = 10.0.40219.1
Project("{9A19103F-16F7-4668-BE54-9A1E7A4F7556}") = "SalaryCalculator.Domain", "SalaryCalculator.Domain\SalaryCalculator.Domain.csproj", "{C5FE50D5-5DFB-4F8D-AD9E-0C8DCE4B5C3E}"
EndProject
Project("{9A19103F-16F7-4668-BE54-9A1E7A4F7556}") = "SalaryCalculator.DAL", "SalaryCalculator.DAL\SalaryCalculator.DAL.csproj", "{8A8B860F-3BAF-4C40-A198-1A03A0223C51}"
EndProject
Project("{9A19103F-16F7-4668-BE54-9A1E7A4F7556}") = "SalaryCalculator.Domain.EF", "SalaryCalculator.Domain.EF\SalaryCalculator.Domain.EF.csproj", "{A9D33EA8-4428-47E3-9C0E-2148A1BE15B2}"
EndProject
Project("{9A19103F-16F7-4668-BE54-9A1E7A4F7556}") = "SalaryCalculator.Web", "SalaryCalculator.Web\SalaryCalculator.Web.csproj", "{4B12A6A8-6E93-4AFF-A565-38CD2703894E}"
EndProject
Global
	GlobalSection(SolutionConfigurationPlatforms) = preSolution
		Debug|Any CPU = Debug|Any CPU
		Release|Any CPU = Release|Any CPU
	EndGlobalSection
	GlobalSection(ProjectConfigurationPlatforms) = postSolution
		{C5FE50D5-5DFB-4F8D-AD9E-0C8DCE4B5C3E}.Debug|Any CPU.ActiveCfg = Debug|Any CPU
		{C5FE50D5-5DFB-4F8D-AD9E-0C8DCE4B5C3E}.Debug|Any CPU.Build.0 = Debug|Any CPU
		{C5FE50D5-5DFB-4F8D-AD9E-0C8DCE4B5C3E}.Release|Any CPU.ActiveCfg = Release|Any CPU
		{C5FE50D5-5DFB-4F8D-AD9E-0C8DCE4B5C3E}.Release|Any CPU.Build.0 = Release|Any CPU
		{8A8B860F-3BAF-4C40-A198-1A03A0223C51}.Debug|Any CPU.ActiveCfg = Debug|Any CPU
		{8A8B860F-3BAF-4C40-A198-1A03A0223C51}.Debug|Any CPU.Build.0 = Debug|Any CPU
		{8A8B860F-3BAF-4C40-A198-1A03A0223C51}.Release|Any CPU.ActiveCfg = Release|Any CPU
		{8A8B860F-3BAF-4C40-A198-1A03A0223C51}.Release|Any CPU.Build.0 = Release|Any CPU
		{A9D33EA8-4428-47E3-9C0E-2148A1BE15B2}.Debug|Any CPU.ActiveCfg = Debug|Any CPU
		{A9D33EA8-4428-47E3-9C0E-2148A1BE15B2}.Debug|Any CPU.Build.0 = Debug|Any CPU
		{A9D33EA8-4428-47E3-9C0E-2148A1BE15B2}.Release|Any CPU.ActiveCfg = Release|Any CPU
		{A9D33EA8-4428-47E3-9C0E-2148A1BE15B2}.Release|Any CPU.Build.0 = Release|Any CPU
		{4B12A6A8-6E93-4AFF-A565-38CD2703894E}.Debug|Any CPU.ActiveCfg = Debug|Any CPU
		{4B12A6A8-6E93-4AFF-A565-38CD2703894E}.Debug|Any CPU.Build.0 = Debug|Any CPU
		{4B12A6A8-6E93-4AFF-A565-38CD2703894E}.Release|Any CPU.ActiveCfg = Release|Any CPU
		{4B12A6A8-6E93-4AFF-A565-38CD2703894E}.Release|Any CPU.Build.0 = Release|Any CPU
	EndGlobalSection
	GlobalSection(SolutionProperties) = preSolution
		HideSolutionNode = FALSE
	EndGlobalSection
	GlobalSection(ExtensibilityGlobals) = postSolution
		SolutionGuid = {C97E7B19-AE18-49BF-8584-44DF7227362F}
	EndGlobalSection
EndGlobal
